
Microsoft Visual Studio Solution File, Format Version 12.00
# Visual Studio Version 17
VisualStudioVersion = 17.9.34414.90
MinimumVisualStudioVersion = 10.0.40219.1
Project("{8BC9CEB8-8B4A-11D0-8D11-00A0C91BC942}") = "Day_05_分支语句和循环语句", "Day_05_分支语句和循环语句\Day_05_分支语句和循环语句.vcxproj", "{1021AFC1-E9BB-4BD2-AAB8-C52AA85B665A}"
EndProject
Global
	GlobalSection(SolutionConfigurationPlatforms) = preSolution
		Debug|x64 = Debug|x64
		Debug|x86 = Debug|x86
		Release|x64 = Release|x64
		Release|x86 = Release|x86
	EndGlobalSection
	GlobalSection(ProjectConfigurationPlatforms) = postSolution
		{1021AFC1-E9BB-4BD2-AAB8-C52AA85B665A}.Debug|x64.ActiveCfg = Debug|x64
		{1021AFC1-E9BB-4BD2-AAB8-C52AA85B665A}.Debug|x64.Build.0 = Debug|x64
		{1021AFC1-E9BB-4BD2-AAB8-C52AA85B665A}.Debug|x86.ActiveCfg = Debug|Win32
		{1021AFC1-E9BB-4BD2-AAB8-C52AA85B665A}.Debug|x86.Build.0 = Debug|Win32
		{1021AFC1-E9BB-4BD2-AAB8-C52AA85B665A}.Release|x64.ActiveCfg = Release|x64
		{1021AFC1-E9BB-4BD2-AAB8-C52AA85B665A}.Release|x64.Build.0 = Release|x64
		{1021AFC1-E9BB-4BD2-AAB8-C52AA85B665A}.Release|x86.ActiveCfg = Release|Win32
		{1021AFC1-E9BB-4BD2-AAB8-C52AA85B665A}.Release|x86.Build.0 = Release|Win32
	EndGlobalSection
	GlobalSection(SolutionProperties) = preSolution
		HideSolutionNode = FALSE
	EndGlobalSection
	GlobalSection(ExtensibilityGlobals) = postSolution
		SolutionGuid = {8EA8A62C-997D-4E59-B2B9-49DFE2C605C9}
	EndGlobalSection
EndGlobal
